
Microsoft Visual Studio Solution File, Format Version 12.00
# Visual Studio Version 17
VisualStudioVersion = 17.14.36705.20 d17.14
MinimumVisualStudioVersion = 10.0.40219.1
Project("{FAE04EC0-301F-11D3-BF4B-00C04F79EFBC}") = "ConsoleApp6", "ConsoleApp6\ConsoleApp6.csproj", "{E0A8A2BA-C640-4EBB-82F0-B23C2CC8C916}"
EndProject
Global
	GlobalSection(SolutionConfigurationPlatforms) = preSolution
		Debug|Any CPU = Debug|Any CPU
		Release|Any CPU = Release|Any CPU
	EndGlobalSection
	GlobalSection(ProjectConfigurationPlatforms) = postSolution
		{E0A8A2BA-C640-4EBB-82F0-B23C2CC8C916}.Debug|Any CPU.ActiveCfg = Debug|Any CPU
		{E0A8A2BA-C640-4EBB-82F0-B23C2CC8C916}.Debug|Any CPU.Build.0 = Debug|Any CPU
		{E0A8A2BA-C640-4EBB-82F0-B23C2CC8C916}.Release|Any CPU.ActiveCfg = Release|Any CPU
		{E0A8A2BA-C640-4EBB-82F0-B23C2CC8C916}.Release|Any CPU.Build.0 = Release|Any CPU
	EndGlobalSection
	GlobalSection(SolutionProperties) = preSolution
		HideSolutionNode = FALSE
	EndGlobalSection
	GlobalSection(ExtensibilityGlobals) = postSolution
		SolutionGuid = {877651FD-C151-4E67-9A95-DF2B5810BE9A}
	EndGlobalSection
EndGlobal
